
Microsoft Visual Studio Solution File, Format Version 12.00
# Visual Studio Version 17
VisualStudioVersion = 17.6.33617.297
MinimumVisualStudioVersion = 10.0.40219.1
Project("{FAE04EC0-301F-11D3-BF4B-00C04F79EFBC}") = "MyDelegates", "Delegates\MyDelegates.csproj", "{59839916-1553-4719-A5B9-07190FEC959F}"
EndProject
Global
	GlobalSection(SolutionConfigurationPlatforms) = preSolution
		Debug|Any CPU = Debug|Any CPU
		Release|Any CPU = Release|Any CPU
	EndGlobalSection
	GlobalSection(ProjectConfigurationPlatforms) = postSolution
		{59839916-1553-4719-A5B9-07190FEC959F}.Debug|Any CPU.ActiveCfg = Debug|Any CPU
		{59839916-1553-4719-A5B9-07190FEC959F}.Debug|Any CPU.Build.0 = Debug|Any CPU
		{59839916-1553-4719-A5B9-07190FEC959F}.Release|Any CPU.ActiveCfg = Release|Any CPU
		{59839916-1553-4719-A5B9-07190FEC959F}.Release|Any CPU.Build.0 = Release|Any CPU
	EndGlobalSection
	GlobalSection(SolutionProperties) = preSolution
		HideSolutionNode = FALSE
	EndGlobalSection
	GlobalSection(ExtensibilityGlobals) = postSolution
		SolutionGuid = {47D584BB-806D-4233-8E46-A38C8735EC49}
	EndGlobalSection
EndGlobal
